{
	"name": "template-use",
	"version": "1.0.0",
	"lockfileVersion": 3,
	"requires": true,
	"packages": {
		"": {
			"name": "template-use",
			"version": "1.0.0",
			"license": "ISC",
			"dependencies": {
				"colors": "^1.4.0",
				"degit": "^2.8.4"
			},
			"bin": {
				"template-use": "bin/index.js"
			}
		},
		"node_modules/colors": {
			"version": "1.4.0",
			"resolved": "https://registry.npmjs.org/colors/-/colors-1.4.0.tgz",
			"integrity": "sha512-a+UqTh4kgZg/SlGvfbzDHpgRu7AAQOmmqRHJnxhRZICKFUT91brVhNNt58CMWU9PsBbv3PDCZUHbVxuDiH2mtA==",
			"license": "MIT",
			"engines": {
				"node": ">=0.1.90"
			}
		},
		"node_modules/degit": {
			"version": "2.8.4",
			"resolved": "https://registry.npmjs.org/degit/-/degit-2.8.4.tgz",
			"integrity": "sha512-vqYuzmSA5I50J882jd+AbAhQtgK6bdKUJIex1JNfEUPENCgYsxugzKVZlFyMwV4i06MmnV47/Iqi5Io86zf3Ng==",
			"license": "MIT",
			"bin": {
				"degit": "degit"
			},
			"engines": {
				"node": ">=8.0.0"
			}
		}
	}
}